
Microsoft Visual Studio Solution File, Format Version 12.00
# Visual Studio Version 16
VisualStudioVersion = 16.0.31424.327
MinimumVisualStudioVersion = 10.0.40219.1
Project("{8BC9CEB8-8B4A-11D0-8D11-00A0C91BC942}") = "program weekly week 5 sol2", "program weekly week 5 sol2\program weekly week 5 sol2.vcxproj", "{03A8E2C9-1618-4F77-8FF3-C2C7F91BADFF}"
EndProject
Global
	GlobalSection(SolutionConfigurationPlatforms) = preSolution
		Debug|x64 = Debug|x64
		Debug|x86 = Debug|x86
		Release|x64 = Release|x64
		Release|x86 = Release|x86
	EndGlobalSection
	GlobalSection(ProjectConfigurationPlatforms) = postSolution
		{03A8E2C9-1618-4F77-8FF3-C2C7F91BADFF}.Debug|x64.ActiveCfg = Debug|x64
		{03A8E2C9-1618-4F77-8FF3-C2C7F91BADFF}.Debug|x64.Build.0 = Debug|x64
		{03A8E2C9-1618-4F77-8FF3-C2C7F91BADFF}.Debug|x86.ActiveCfg = Debug|Win32
		{03A8E2C9-1618-4F77-8FF3-C2C7F91BADFF}.Debug|x86.Build.0 = Debug|Win32
		{03A8E2C9-1618-4F77-8FF3-C2C7F91BADFF}.Release|x64.ActiveCfg = Release|x64
		{03A8E2C9-1618-4F77-8FF3-C2C7F91BADFF}.Release|x64.Build.0 = Release|x64
		{03A8E2C9-1618-4F77-8FF3-C2C7F91BADFF}.Release|x86.ActiveCfg = Release|Win32
		{03A8E2C9-1618-4F77-8FF3-C2C7F91BADFF}.Release|x86.Build.0 = Release|Win32
	EndGlobalSection
	GlobalSection(SolutionProperties) = preSolution
		HideSolutionNode = FALSE
	EndGlobalSection
	GlobalSection(ExtensibilityGlobals) = postSolution
		SolutionGuid = {07A9F6E1-D879-46DD-A899-5F21E375387C}
	EndGlobalSection
EndGlobal
